
Microsoft Visual Studio Solution File, Format Version 12.00
# Visual Studio 15
VisualStudioVersion = 15.0.27130.2024
MinimumVisualStudioVersion = 10.0.40219.1
Project("{FAE04EC0-301F-11D3-BF4B-00C04F79EFBC}") = "Search Engine", "Search Engine\Search Engine.csproj", "{2C7E14C9-2945-40C6-A410-FCDB03D89431}"
EndProject
Global
	GlobalSection(SolutionConfigurationPlatforms) = preSolution
		Debug|Any CPU = Debug|Any CPU
		Release|Any CPU = Release|Any CPU
	EndGlobalSection
	GlobalSection(ProjectConfigurationPlatforms) = postSolution
		{2C7E14C9-2945-40C6-A410-FCDB03D89431}.Debug|Any CPU.ActiveCfg = Debug|Any CPU
		{2C7E14C9-2945-40C6-A410-FCDB03D89431}.Debug|Any CPU.Build.0 = Debug|Any CPU
		{2C7E14C9-2945-40C6-A410-FCDB03D89431}.Release|Any CPU.ActiveCfg = Release|Any CPU
		{2C7E14C9-2945-40C6-A410-FCDB03D89431}.Release|Any CPU.Build.0 = Release|Any CPU
	EndGlobalSection
	GlobalSection(SolutionProperties) = preSolution
		HideSolutionNode = FALSE
	EndGlobalSection
	GlobalSection(ExtensibilityGlobals) = postSolution
		SolutionGuid = {F9AA55D3-BBCB-4BCD-BC95-7B0BB10FCA78}
	EndGlobalSection
EndGlobal
